
Microsoft Visual Studio Solution File, Format Version 12.00
# Visual Studio Version 16
VisualStudioVersion = 16.0.32106.194
MinimumVisualStudioVersion = 10.0.40219.1
Project("{9A19103F-16F7-4668-BE54-9A1E7A4F7556}") = "OOPAndFiles", "OOPAndFiles\OOPAndFiles.csproj", "{BB853C14-5C99-4D01-90C3-E9A5D56B057D}"
EndProject
Global
	GlobalSection(SolutionConfigurationPlatforms) = preSolution
		Debug|Any CPU = Debug|Any CPU
		Release|Any CPU = Release|Any CPU
	EndGlobalSection
	GlobalSection(ProjectConfigurationPlatforms) = postSolution
		{BB853C14-5C99-4D01-90C3-E9A5D56B057D}.Debug|Any CPU.ActiveCfg = Debug|Any CPU
		{BB853C14-5C99-4D01-90C3-E9A5D56B057D}.Debug|Any CPU.Build.0 = Debug|Any CPU
		{BB853C14-5C99-4D01-90C3-E9A5D56B057D}.Release|Any CPU.ActiveCfg = Release|Any CPU
		{BB853C14-5C99-4D01-90C3-E9A5D56B057D}.Release|Any CPU.Build.0 = Release|Any CPU
	EndGlobalSection
	GlobalSection(SolutionProperties) = preSolution
		HideSolutionNode = FALSE
	EndGlobalSection
	GlobalSection(ExtensibilityGlobals) = postSolution
		SolutionGuid = {5C129F8E-06AC-4F1A-8307-12AB581B68E7}
	EndGlobalSection
EndGlobal
